// !$*UTF8*$!
{
	archiveVersion = 1;
	classes = {
	};
	objectVersion = 46;
	objects = {

/* Begin PBXBuildFile section */
		FE5729C51DB716BC0062FF21 /* main.m in Sources */ = {isa = PBXBuildFile; fileRef = FE5729C41DB716BC0062FF21 /* main.m */; };
		FE5729C81DB716BC0062FF21 /* AppDelegate.m in Sources */ = {isa = PBXBuildFile; fileRef = FE5729C71DB716BC0062FF21 /* AppDelegate.m */; };
		FE5729CB1DB716BC0062FF21 /* ViewController.m in Sources */ = {isa = PBXBuildFile; fileRef = FE5729CA1DB716BC0062FF21 /* ViewController.m */; };
		FE5729CE1DB716BC0062FF21 /* Main.storyboard in Resources */ = {isa = PBXBuildFile; fileRef = FE5729CC1DB716BC0062FF21 /* Main.storyboard */; };
		FE5729D01DB716BC0062FF21 /* Assets.xcassets in Resources */ = {isa = PBXBuildFile; fileRef = FE5729CF1DB716BC0062FF21 /* Assets.xcassets */; };
		FE5729D31DB716BC0062FF21 /* LaunchScreen.storyboard in Resources */ = {isa = PBXBuildFile; fileRef = FE5729D11DB716BC0062FF21 /* LaunchScreen.storyboard */; };
		FE5729DE1DB716BD0062FF21 /* VInputContainerTests.m in Sources */ = {isa = PBXBuildFile; fileRef = FE5729DD1DB716BD0062FF21 /* VInputContainerTests.m */; };
		FE5729E91DB716BD0062FF21 /* VInputContainerUITests.m in Sources */ = {isa = PBXBuildFile; fileRef = FE5729E81DB716BD0062FF21 /* VInputContainerUITests.m */; };
/* End PBXBuildFile section */

/* Begin PBXContainerItemProxy section */
		FE5729DA1DB716BD0062FF21 /* PBXContainerItemProxy */ = {
			isa = PBXContainerItemProxy;
			containerPortal = FE5729B81DB716BC0062FF21 /* Project object */;
			proxyType = 1;
			remoteGlobalIDString = FE5729BF1DB716BC0062FF21;
			remoteInfo = VInputContainer;
		};
		FE5729E51DB716BD0062FF21 /* PBXContainerItemProxy */ = {
			isa = PBXContainerItemProxy;
			containerPortal = FE5729B81DB716BC0062FF21 /* Project object */;
			proxyType = 1;
			remoteGlobalIDString = FE5729BF1DB716BC0062FF21;
			remoteInfo = VInputContainer;
		};
/* End PBXContainerItemProxy section */

/* Begin PBXFileReference section */
		FE5729C01DB716BC0062FF21 /* VInputContainer.app */ = {isa = PBXFileReference; explicitFileType = wrapper.application; includeInIndex = 0; path = VInputContainer.app; sourceTree = BUILT_PRODUCTS_DIR; };
		FE5729C41DB716BC0062FF21 /* main.m */ = {isa = PBXFileReference; lastKnownFileType = sourcecode.c.objc; path = main.m; sourceTree = "<group>"; };
		FE5729C61DB716BC0062FF21 /* AppDelegate.h */ = {isa = PBXFileReference; lastKnownFileType = sourcecode.c.h; path = AppDelegate.h; sourceTree = "<group>"; };
		FE5729C71DB716BC0062FF21 /* AppDelegate.m */ = {isa = PBXFileReference; lastKnownFileType = sourcecode.c.objc; path = AppDelegate.m; sourceTree = "<group>"; };
		FE5729C91DB716BC0062FF21 /* ViewController.h */ = {isa = PBXFileReference; lastKnownFileType = sourcecode.c.h; path = ViewController.h; sourceTree = "<group>"; };
		FE5729CA1DB716BC0062FF21 /* ViewController.m */ = {isa = PBXFileReference; lastKnownFileType = sourcecode.c.objc; path = ViewController.m; sourceTree = "<group>"; };
		FE5729CD1DB716BC0062FF21 /* Base */ = {isa = PBXFileReference; lastKnownFileType = file.storyboard; name = Base; path = Base.lproj/Main.storyboard; sourceTree = "<group>"; };
		FE5729CF1DB716BC0062FF21 /* Assets.xcassets */ = {isa = PBXFileReference; lastKnownFileType = folder.assetcatalog; path = Assets.xcassets; sourceTree = "<group>"; };
		FE5729D21DB716BC0062FF21 /* Base */ = {isa = PBXFileReference; lastKnownFileType = file.storyboard; name = Base; path = Base.lproj/LaunchScreen.storyboard; sourceTree = "<group>"; };
		FE5729D41DB716BC0062FF21 /* Info.plist */ = {isa = PBXFileReference; lastKnownFileType = text.plist.xml; path = Info.plist; sourceTree = "<group>"; };
		FE5729D91DB716BD0062FF21 /* VInputContainerTests.xctest */ = {isa = PBXFileReference; explicitFileType = wrapper.cfbundle; includeInIndex = 0; path = VInputContainerTests.xctest; sourceTree = BUILT_PRODUCTS_DIR; };
		FE5729DD1DB716BD0062FF21 /* VInputContainerTests.m */ = {isa = PBXFileReference; lastKnownFileType = sourcecode.c.objc; path = VInputContainerTests.m; sourceTree = "<group>"; };
		FE5729DF1DB716BD0062FF21 /* Info.plist */ = {isa = PBXFileReference; lastKnownFileType = text.plist.xml; path = Info.plist; sourceTree = "<group>"; };
		FE5729E41DB716BD0062FF21 /* VInputContainerUITests.xctest */ = {isa = PBXFileReference; explicitFileType = wrapper.cfbundle; includeInIndex = 0; path = VInputContainerUITests.xctest; sourceTree = BUILT_PRODUCTS_DIR; };
		FE5729E81DB716BD0062FF21 /* VInputContainerUITests.m */ = {isa = PBXFileReference; lastKnownFileType = sourcecode.c.objc; path = VInputContainerUITests.m; sourceTree = "<group>"; };
		FE5729EA1DB716BD0062FF21 /* Info.plist */ = {isa = PBXFileReference; lastKnownFileType = text.plist.xml; path = Info.plist; sourceTree = "<group>"; };
/* End PBXFileReference section */

/* Begin PBXFrameworksBuildPhase section */
		FE5729BD1DB716BC0062FF21 /* Frameworks */ = {
			isa = PBXFrameworksBuildPhase;
			buildActionMask = 2147483647;
			files = (
			);
			runOnlyForDeploymentPostprocessing = 0;
		};
		FE5729D61DB716BD0062FF21 /* Frameworks */ = {
			isa = PBXFrameworksBuildPhase;
			buildActionMask = 2147483647;
			files = (
			);
			runOnlyForDeploymentPostprocessing = 0;
		};
		FE5729E11DB716BD0062FF21 /* Frameworks */ = {
			isa = PBXFrameworksBuildPhase;
			buildActionMask = 2147483647;
			files = (
			);
			runOnlyForDeploymentPostprocessing = 0;
		};
/* End PBXFrameworksBuildPhase section */

/* Begin PBXGroup section */
		FE5729B71DB716BC0062FF21 = {
			isa = PBXGroup;
			children = (
				FE5729C21DB716BC0062FF21 /* VInputContainer */,
				FE5729DC1DB716BD0062FF21 /* VInputContainerTests */,
				FE5729E71DB716BD0062FF21 /* VInputContainerUITests */,
				FE5729C11DB716BC0062FF21 /* Products */,
			);
			sourceTree = "<group>";
		};
		FE5729C11DB716BC0062FF21 /* Products */ = {
			isa = PBXGroup;
			children = (
				FE5729C01DB716BC0062FF21 /* VInputContainer.app */,
				FE5729D91DB716BD0062FF21 /* VInputContainerTests.xctest */,
				FE5729E41DB716BD0062FF21 /* VInputContainerUITests.xctest */,
			);
			name = Products;
			sourceTree = "<group>";
		};
		FE5729C21DB716BC0062FF21 /* VInputContainer */ = {
			isa = PBXGroup;
			children = (
				FE5729C61DB716BC0062FF21 /* AppDelegate.h */,
				FE5729C71DB716BC0062FF21 /* AppDelegate.m */,
				FE5729C91DB716BC0062FF21 /* ViewController.h */,
				FE5729CA1DB716BC0062FF21 /* ViewController.m */,
				FE5729CC1DB716BC0062FF21 /* Main.storyboard */,
				FE5729CF1DB716BC0062FF21 /* Assets.xcassets */,
				FE5729D11DB716BC0062FF21 /* LaunchScreen.storyboard */,
				FE5729D41DB716BC0062FF21 /* Info.plist */,
				FE5729C31DB716BC0062FF21 /* Supporting Files */,
			);
			path = VInputContainer;
			sourceTree = "<group>";
		};
		FE5729C31DB716BC0062FF21 /* Supporting Files */ = {
			isa = PBXGroup;
			children = (
				FE5729C41DB716BC0062FF21 /* main.m */,
			);
			name = "Supporting Files";
			sourceTree = "<group>";
		};
		FE5729DC1DB716BD0062FF21 /* VInputContainerTests */ = {
			isa = PBXGroup;
			children = (
				FE5729DD1DB716BD0062FF21 /* VInputContainerTests.m */,
				FE5729DF1DB716BD0062FF21 /* Info.plist */,
			);
			path = VInputContainerTests;
			sourceTree = "<group>";
		};
		FE5729E71DB716BD0062FF21 /* VInputContainerUITests */ = {
			isa = PBXGroup;
			children = (
				FE5729E81DB716BD0062FF21 /* VInputContainerUITests.m */,
				FE5729EA1DB716BD0062FF21 /* Info.plist */,
			);
			path = VInputContainerUITests;
			sourceTree = "<group>";
		};
/* End PBXGroup section */

/* Begin PBXNativeTarget section */
		FE5729BF1DB716BC0062FF21 /* VInputContainer */ = {
			isa = PBXNativeTarget;
			buildConfigurationList = FE5729ED1DB716BD0062FF21 /* Build configuration list for PBXNativeTarget "VInputContainer" */;
			buildPhases = (
				FE5729BC1DB716BC0062FF21 /* Sources */,
				FE5729BD1DB716BC0062FF21 /* Frameworks */,
				FE5729BE1DB716BC0062FF21 /* Resources */,
			);
			buildRules = (
			);
			dependencies = (
			);
			name = VInputContainer;
			productName = VInputContainer;
			productReference = FE5729C01DB716BC0062FF21 /* VInputContainer.app */;
			productType = "com.apple.product-type.application";
		};
		FE5729D81DB716BD0062FF21 /* VInputContainerTests */ = {
			isa = PBXNativeTarget;
			buildConfigurationList = FE5729F01DB716BD0062FF21 /* Build configuration list for PBXNativeTarget "VInputContainerTests" */;
			buildPhases = (
				FE5729D51DB716BD0062FF21 /* Sources */,
				FE5729D61DB716BD0062FF21 /* Frameworks */,
				FE5729D71DB716BD0062FF21 /* Resources */,
			);
			buildRules = (
			);
			dependencies = (
				FE5729DB1DB716BD0062FF21 /* PBXTargetDependency */,
			);
			name = VInputContainerTests;
			productName = VInputContainerTests;
			productReference = FE5729D91DB716BD0062FF21 /* VInputContainerTests.xctest */;
			productType = "com.apple.product-type.bundle.unit-test";
		};
		FE5729E31DB716BD0062FF21 /* VInputContainerUITests */ = {
			isa = PBXNativeTarget;
			buildConfigurationList = FE5729F31DB716BD0062FF21 /* Build configuration list for PBXNativeTarget "VInputContainerUITests" */;
			buildPhases = (
				FE5729E01DB716BD0062FF21 /* Sources */,
				FE5729E11DB716BD0062FF21 /* Frameworks */,
				FE5729E21DB716BD0062FF21 /* Resources */,
			);
			buildRules = (
			);
			dependencies = (
				FE5729E61DB716BD0062FF21 /* PBXTargetDependency */,
			);
			name = VInputContainerUITests;
			productName = VInputContainerUITests;
			productReference = FE5729E41DB716BD0062FF21 /* VInputContainerUITests.xctest */;
			productType = "com.apple.product-type.bundle.ui-testing";
		};
/* End PBXNativeTarget section */

/* Begin PBXProject section */
		FE5729B81DB716BC0062FF21 /* Project object */ = {
			isa = PBXProject;
			attributes = {
				LastUpgradeCheck = 0800;
				ORGANIZATIONNAME = EECS481;
				TargetAttributes = {
					FE5729BF1DB716BC0062FF21 = {
						CreatedOnToolsVersion = 8.0;
						ProvisioningStyle = Automatic;
					};
					FE5729D81DB716BD0062FF21 = {
						CreatedOnToolsVersion = 8.0;
						ProvisioningStyle = Automatic;
						TestTargetID = FE5729BF1DB716BC0062FF21;
					};
					FE5729E31DB716BD0062FF21 = {
						CreatedOnToolsVersion = 8.0;
						ProvisioningStyle = Automatic;
						TestTargetID = FE5729BF1DB716BC0062FF21;
					};
				};
			};
			buildConfigurationList = FE5729BB1DB716BC0062FF21 /* Build configuration list for PBXProject "VInputContainer" */;
			compatibilityVersion = "Xcode 3.2";
			developmentRegion = English;
			hasScannedForEncodings = 0;
			knownRegions = (
				en,
				Base,
			);
			mainGroup = FE5729B71DB716BC0062FF21;
			productRefGroup = FE5729C11DB716BC0062FF21 /* Products */;
			projectDirPath = "";
			projectRoot = "";
			targets = (
				FE5729BF1DB716BC0062FF21 /* VInputContainer */,
				FE5729D81DB716BD0062FF21 /* VInputContainerTests */,
				FE5729E31DB716BD0062FF21 /* VInputContainerUITests */,
			);
		};
/* End PBXProject section */

/* Begin PBXResourcesBuildPhase section */
		FE5729BE1DB716BC0062FF21 /* Resources */ = {
			isa = PBXResourcesBuildPhase;
			buildActionMask = 2147483647;
			files = (
				FE5729D31DB716BC0062FF21 /* LaunchScreen.storyboard in Resources */,
				FE5729D01DB716BC0062FF21 /* Assets.xcassets in Resources */,
				FE5729CE1DB716BC0062FF21 /* Main.storyboard in Resources */,
			);
			runOnlyForDeploymentPostprocessing = 0;
		};
		FE5729D71DB716BD0062FF21 /* Resources */ = {
			isa = PBXResourcesBuildPhase;
			buildActionMask = 2147483647;
			files = (
			);
			runOnlyForDeploymentPostprocessing = 0;
		};
		FE5729E21DB716BD0062FF21 /* Resources */ = {
			isa = PBXResourcesBuildPhase;
			buildActionMask = 2147483647;
			files = (
			);
			runOnlyForDeploymentPostprocessing = 0;
		};
/* End PBXResourcesBuildPhase section */

/* Begin PBXSourcesBuildPhase section */
		FE5729BC1DB716BC0062FF21 /* Sources */ = {
			isa = PBXSourcesBuildPhase;
			buildActionMask = 2147483647;
			files = (
				FE5729CB1DB716BC0062FF21 /* ViewController.m in Sources */,
				FE5729C81DB716BC0062FF21 /* AppDelegate.m in Sources */,
				FE5729C51DB716BC0062FF21 /* main.m in Sources */,
			);
			runOnlyForDeploymentPostprocessing = 0;
		};
		FE5729D51DB716BD0062FF21 /* Sources */ = {
			isa = PBXSourcesBuildPhase;
			buildActionMask = 2147483647;
			files = (
				FE5729DE1DB716BD0062FF21 /* VInputContainerTests.m in Sources */,
			);
			runOnlyForDeploymentPostprocessing = 0;
		};
		FE5729E01DB716BD0062FF21 /* Sources */ = {
			isa = PBXSourcesBuildPhase;
			buildActionMask = 2147483647;
			files = (
				FE5729E91DB716BD0062FF21 /* VInputContainerUITests.m in Sources */,
			);
			runOnlyForDeploymentPostprocessing = 0;
		};
/* End PBXSourcesBuildPhase section */

/* Begin PBXTargetDependency section */
		FE5729DB1DB716BD0062FF21 /* PBXTargetDependency */ = {
			isa = PBXTargetDependency;
			target = FE5729BF1DB716BC0062FF21 /* VInputContainer */;
			targetProxy = FE5729DA1DB716BD0062FF21 /* PBXContainerItemProxy */;
		};
		FE5729E61DB716BD0062FF21 /* PBXTargetDependency */ = {
			isa = PBXTargetDependency;
			target = FE5729BF1DB716BC0062FF21 /* VInputContainer */;
			targetProxy = FE5729E51DB716BD0062FF21 /* PBXContainerItemProxy */;
		};
/* End PBXTargetDependency section */

/* Begin PBXVariantGroup section */
		FE5729CC1DB716BC0062FF21 /* Main.storyboard */ = {
			isa = PBXVariantGroup;
			children = (
				FE5729CD1DB716BC0062FF21 /* Base */,
			);
			name = Main.storyboard;
			sourceTree = "<group>";
		};
		FE5729D11DB716BC0062FF21 /* LaunchScreen.storyboard */ = {
			isa = PBXVariantGroup;
			children = (
				FE5729D21DB716BC0062FF21 /* Base */,
			);
			name = LaunchScreen.storyboard;
			sourceTree = "<group>";
		};
/* End PBXVariantGroup section */

/* Begin XCBuildConfiguration section */
		FE5729EB1DB716BD0062FF21 /* Debug */ = {
			isa = XCBuildConfiguration;
			buildSettings = {
				ALWAYS_SEARCH_USER_PATHS = NO;
				CLANG_ANALYZER_NONNULL = YES;
				CLANG_CXX_LANGUAGE_STANDARD = "gnu++0x";
				CLANG_CXX_LIBRARY = "libc++";
				CLANG_ENABLE_MODULES = YES;
				CLANG_ENABLE_OBJC_ARC = YES;
				CLANG_WARN_BOOL_CONVERSION = YES;
				CLANG_WARN_CONSTANT_CONVERSION = YES;
				CLANG_WARN_DIRECT_OBJC_ISA_USAGE = YES_ERROR;
				CLANG_WARN_DOCUMENTATION_COMMENTS = YES;
				CLANG_WARN_EMPTY_BODY = YES;
				CLANG_WARN_ENUM_CONVERSION = YES;
				CLANG_WARN_INFINITE_RECURSION = YES;
				CLANG_WARN_INT_CONVERSION = YES;
				CLANG_WARN_OBJC_ROOT_CLASS = YES_ERROR;
				CLANG_WARN_SUSPICIOUS_MOVES = YES;
				CLANG_WARN_UNREACHABLE_CODE = YES;
				CLANG_WARN__DUPLICATE_METHOD_MATCH = YES;
				"CODE_SIGN_IDENTITY[sdk=iphoneos*]" = "iPhone Developer";
				COPY_PHASE_STRIP = NO;
				DEBUG_INFORMATION_FORMAT = dwarf;
				ENABLE_STRICT_OBJC_MSGSEND = YES;
				ENABLE_TESTABILITY = YES;
				GCC_C_LANGUAGE_STANDARD = gnu99;
				GCC_DYNAMIC_NO_PIC = NO;
				GCC_NO_COMMON_BLOCKS = YES;
				GCC_OPTIMIZATION_LEVEL = 0;
				GCC_PREPROCESSOR_DEFINITIONS = (
					"DEBUG=1",
					"$(inherited)",
				);
				GCC_WARN_64_TO_32_BIT_CONVERSION = YES;
				GCC_WARN_ABOUT_RETURN_TYPE = YES_ERROR;
				GCC_WARN_UNDECLARED_SELECTOR = YES;
				GCC_WARN_UNINITIALIZED_AUTOS = YES_AGGRESSIVE;
				GCC_WARN_UNUSED_FUNCTION = YES;
				GCC_WARN_UNUSED_VARIABLE = YES;
				IPHONEOS_DEPLOYMENT_TARGET = 10.0;
				MTL_ENABLE_DEBUG_INFO = YES;
				ONLY_ACTIVE_ARCH = YES;
				SDKROOT = iphoneos;
			};
			name = Debug;
		};
		FE5729EC1DB716BD0062FF21 /* Release */ = {
			isa = XCBuildConfiguration;
			buildSettings = {
				ALWAYS_SEARCH_USER_PATHS = NO;
				CLANG_ANALYZER_NONNULL = YES;
				CLANG_CXX_LANGUAGE_STANDARD = "gnu++0x";
				CLANG_CXX_LIBRARY = "libc++";
				CLANG_ENABLE_MODULES = YES;
				CLANG_ENABLE_OBJC_ARC = YES;
				CLANG_WARN_BOOL_CONVERSION = YES;
				CLANG_WARN_CONSTANT_CONVERSION = YES;
				CLANG_WARN_DIRECT_OBJC_ISA_USAGE = YES_ERROR;
				CLANG_WARN_DOCUMENTATION_COMMENTS = YES;
				CLANG_WARN_EMPTY_BODY = YES;
				CLANG_WARN_ENUM_CONVERSION = YES;
				CLANG_WARN_INFINITE_RECURSION = YES;
				CLANG_WARN_INT_CONVERSION = YES;
				CLANG_WARN_OBJC_ROOT_CLASS = YES_ERROR;
				CLANG_WARN_SUSPICIOUS_MOVES = YES;
				CLANG_WARN_UNREACHABLE_CODE = YES;
				CLANG_WARN__DUPLICATE_METHOD_MATCH = YES;
				"CODE_SIGN_IDENTITY[sdk=iphoneos*]" = "iPhone Developer";
				COPY_PHASE_STRIP = NO;
				DEBUG_INFORMATION_FORMAT = "dwarf-with-dsym";
				ENABLE_NS_ASSERTIONS = NO;
				ENABLE_STRICT_OBJC_MSGSEND = YES;
				GCC_C_LANGUAGE_STANDARD = gnu99;
				GCC_NO_COMMON_BLOCKS = YES;
				GCC_WARN_64_TO_32_BIT_CONVERSION = YES;
				GCC_WARN_ABOUT_RETURN_TYPE = YES_ERROR;
				GCC_WARN_UNDECLARED_SELECTOR = YES;
				GCC_WARN_UNINITIALIZED_AUTOS = YES_AGGRESSIVE;
				GCC_WARN_UNUSED_FUNCTION = YES;
				GCC_WARN_UNUSED_VARIABLE = YES;
				IPHONEOS_DEPLOYMENT_TARGET = 10.0;
				MTL_ENABLE_DEBUG_INFO = NO;
				SDKROOT = iphoneos;
				VALIDATE_PRODUCT = YES;
			};
			name = Release;
		};
		FE5729EE1DB716BD0062FF21 /* Debug */ = {
			isa = XCBuildConfiguration;
			buildSettings = {
				ASSETCATALOG_COMPILER_APPICON_NAME = AppIcon;
				INFOPLIST_FILE = VInputContainer/Info.plist;
				LD_RUNPATH_SEARCH_PATHS = "$(inherited) @executable_path/Frameworks";
				PRODUCT_BUNDLE_IDENTIFIER = EECS481.VInputContainer;
				PRODUCT_NAME = "$(TARGET_NAME)";
			};
			name = Debug;
		};
		FE5729EF1DB716BD0062FF21 /* Release */ = {
			isa = XCBuildConfiguration;
			buildSettings = {
				ASSETCATALOG_COMPILER_APPICON_NAME = AppIcon;
				INFOPLIST_FILE = VInputContainer/Info.plist;
				LD_RUNPATH_SEARCH_PATHS = "$(inherited) @executable_path/Frameworks";
				PRODUCT_BUNDLE_IDENTIFIER = EECS481.VInputContainer;
				PRODUCT_NAME = "$(TARGET_NAME)";
			};
			name = Release;
		};
		FE5729F11DB716BD0062FF21 /* Debug */ = {
			isa = XCBuildConfiguration;
			buildSettings = {
				BUNDLE_LOADER = "$(TEST_HOST)";
				INFOPLIST_FILE = VInputContainerTests/Info.plist;
				LD_RUNPATH_SEARCH_PATHS = "$(inherited) @executable_path/Frameworks @loader_path/Frameworks";
				PRODUCT_BUNDLE_IDENTIFIER = EECS481.VInputContainerTests;
				PRODUCT_NAME = "$(TARGET_NAME)";
				TEST_HOST = "$(BUILT_PRODUCTS_DIR)/VInputContainer.app/VInputContainer";
			};
			name = Debug;
		};
		FE5729F21DB716BD0062FF21 /* Release */ = {
			isa = XCBuildConfiguration;
			buildSettings = {
				BUNDLE_LOADER = "$(TEST_HOST)";
				INFOPLIST_FILE = VInputContainerTests/Info.plist;
				LD_RUNPATH_SEARCH_PATHS = "$(inherited) @executable_path/Frameworks @loader_path/Frameworks";
				PRODUCT_BUNDLE_IDENTIFIER = EECS481.VInputContainerTests;
				PRODUCT_NAME = "$(TARGET_NAME)";
				TEST_HOST = "$(BUILT_PRODUCTS_DIR)/VInputContainer.app/VInputContainer";
			};
			name = Release;
		};
		FE5729F41DB716BD0062FF21 /* Debug */ = {
			isa = XCBuildConfiguration;
			buildSettings = {
				INFOPLIST_FILE = VInputContainerUITests/Info.plist;
				LD_RUNPATH_SEARCH_PATHS = "$(inherited) @executable_path/Frameworks @loader_path/Frameworks";
				PRODUCT_BUNDLE_IDENTIFIER = EECS481.VInputContainerUITests;
				PRODUCT_NAME = "$(TARGET_NAME)";
				TEST_TARGET_NAME = VInputContainer;
			};
			name = Debug;
		};
		FE5729F51DB716BD0062FF21 /* Release */ = {
			isa = XCBuildConfiguration;
			buildSettings = {
				INFOPLIST_FILE = VInputContainerUITests/Info.plist;
				LD_RUNPATH_SEARCH_PATHS = "$(inherited) @executable_path/Frameworks @loader_path/Frameworks";
				PRODUCT_BUNDLE_IDENTIFIER = EECS481.VInputContainerUITests;
				PRODUCT_NAME = "$(TARGET_NAME)";
				TEST_TARGET_NAME = VInputContainer;
			};
			name = Release;
		};
/* End XCBuildConfiguration section */

/* Begin XCConfigurationList section */
		FE5729BB1DB716BC0062FF21 /* Build configuration list for PBXProject "VInputContainer" */ = {
			isa = XCConfigurationList;
			buildConfigurations = (
				FE5729EB1DB716BD0062FF21 /* Debug */,
				FE5729EC1DB716BD0062FF21 /* Release */,
			);
			defaultConfigurationIsVisible = 0;
			defaultConfigurationName = Release;
		};
		FE5729ED1DB716BD0062FF21 /* Build configuration list for PBXNativeTarget "VInputContainer" */ = {
			isa = XCConfigurationList;
			buildConfigurations = (
				FE5729EE1DB716BD0062FF21 /* Debug */,
				FE5729EF1DB716BD0062FF21 /* Release */,
			);
			defaultConfigurationIsVisible = 0;
		};
		FE5729F01DB716BD0062FF21 /* Build configuration list for PBXNativeTarget "VInputContainerTests" */ = {
			isa = XCConfigurationList;
			buildConfigurations = (
				FE5729F11DB716BD0062FF21 /* Debug */,
				FE5729F21DB716BD0062FF21 /* Release */,
			);
			defaultConfigurationIsVisible = 0;
		};
		FE5729F31DB716BD0062FF21 /* Build configuration list for PBXNativeTarget "VInputContainerUITests" */ = {
			isa = XCConfigurationList;
			buildConfigurations = (
				FE5729F41DB716BD0062FF21 /* Debug */,
				FE5729F51DB716BD0062FF21 /* Release */,
			);
			defaultConfigurationIsVisible = 0;
		};
/* End XCConfigurationList section */
	};
	rootObject = FE5729B81DB716BC0062FF21 /* Project object */;
}
